// !$*UTF8*$!
{
	archiveVersion = 1;
	classes = {
	};
	objectVersion = 46;
	objects = {

/* Begin PBXBuildFile section */
		0E09616E1E5B4EF400487D61 /* ReadyViewController.swift in Sources */ = {isa = PBXBuildFile; fileRef = 0E09616D1E5B4EF400487D61 /* ReadyViewController.swift */; };
		0E0961721E5B4F1800487D61 /* SetDateViewController.swift in Sources */ = {isa = PBXBuildFile; fileRef = 0E09616F1E5B4F1800487D61 /* SetDateViewController.swift */; };
		0E0961731E5B4F1800487D61 /* SetNickViewController.swift in Sources */ = {isa = PBXBuildFile; fileRef = 0E0961701E5B4F1800487D61 /* SetNickViewController.swift */; };
		0E0961741E5B4F1800487D61 /* VoiceRecViewController.swift in Sources */ = {isa = PBXBuildFile; fileRef = 0E0961711E5B4F1800487D61 /* VoiceRecViewController.swift */; };
		0E1D3BEE1E603A26002CE65D /* CustomButtons.swift in Sources */ = {isa = PBXBuildFile; fileRef = 0E1D3BED1E603A26002CE65D /* CustomButtons.swift */; };
		0E7E23E21E5B010300E0F4D9 /* Enrolment.storyboard in Resources */ = {isa = PBXBuildFile; fileRef = 0E7E23E11E5B010300E0F4D9 /* Enrolment.storyboard */; };
		0E9E39761E5C958E0000BD9E /* NickViewController.swift in Sources */ = {isa = PBXBuildFile; fileRef = 0E9E39751E5C958E0000BD9E /* NickViewController.swift */; };
		0EA4B1061E5DDFB40088FF48 /* UsersViewController.swift in Sources */ = {isa = PBXBuildFile; fileRef = 0EA4B1051E5DDFB40088FF48 /* UsersViewController.swift */; };
		0EA4B10A1E5DEF640088FF48 /* ExtensionUIViewController.swift in Sources */ = {isa = PBXBuildFile; fileRef = 0EA4B1091E5DEF640088FF48 /* ExtensionUIViewController.swift */; };
		0EA4B10C1E5DF1B30088FF48 /* LeaderBoardViewController.swift in Sources */ = {isa = PBXBuildFile; fileRef = 0EA4B10B1E5DF1B30088FF48 /* LeaderBoardViewController.swift */; };
		0EA94FEE1E642AAB00D82337 /* DrawTestViewController.swift in Sources */ = {isa = PBXBuildFile; fileRef = 0EA94FED1E642AAB00D82337 /* DrawTestViewController.swift */; };
		0EA94FF01E642AE400D82337 /* CalibrationViewController.swift in Sources */ = {isa = PBXBuildFile; fileRef = 0EA94FEF1E642AE400D82337 /* CalibrationViewController.swift */; };
		0EA950371E642B6A00D82337 /* App.storyboard in Resources */ = {isa = PBXBuildFile; fileRef = 0EA950361E642B6A00D82337 /* App.storyboard */; };
		0EA9503D1E642BFB00D82337 /* extensions.swift in Sources */ = {isa = PBXBuildFile; fileRef = 0EA950391E642BFB00D82337 /* extensions.swift */; };
		0EA9503E1E642BFB00D82337 /* FrequencyVoiceParameters.swift in Sources */ = {isa = PBXBuildFile; fileRef = 0EA9503A1E642BFB00D82337 /* FrequencyVoiceParameters.swift */; };
		0EA9503F1E642BFB00D82337 /* Line.swift in Sources */ = {isa = PBXBuildFile; fileRef = 0EA9503B1E642BFB00D82337 /* Line.swift */; };
		0EA950401E642BFB00D82337 /* Pointer.swift in Sources */ = {isa = PBXBuildFile; fileRef = 0EA9503C1E642BFB00D82337 /* Pointer.swift */; };
		0EA950421E642C8F00D82337 /* AudioKit.framework in Frameworks */ = {isa = PBXBuildFile; fileRef = 0EA950411E642C8F00D82337 /* AudioKit.framework */; };
		0EA950431E642C9E00D82337 /* AudioKit.framework in Frameworks */ = {isa = PBXBuildFile; fileRef = 0EA950411E642C8F00D82337 /* AudioKit.framework */; };
		0EA950441E642C9E00D82337 /* AudioKit.framework in Embed Frameworks */ = {isa = PBXBuildFile; fileRef = 0EA950411E642C8F00D82337 /* AudioKit.framework */; settings = {ATTRIBUTES = (CodeSignOnCopy, RemoveHeadersOnCopy, ); }; };
		0EA950471E642CEF00D82337 /* DrawView.swift in Sources */ = {isa = PBXBuildFile; fileRef = 0EA950461E642CEF00D82337 /* DrawView.swift */; };
		0EA950491E64314A00D82337 /* UserInfo.swift in Sources */ = {isa = PBXBuildFile; fileRef = 0EA950481E64314A00D82337 /* UserInfo.swift */; };
		0EA9504F1E658E3400D82337 /* ConnectiontoBackServer.swift in Sources */ = {isa = PBXBuildFile; fileRef = 0EA9504E1E658E3400D82337 /* ConnectiontoBackServer.swift */; };
		0EA950511E658E3F00D82337 /* ServerFunctions.swift in Sources */ = {isa = PBXBuildFile; fileRef = 0EA950501E658E3F00D82337 /* ServerFunctions.swift */; };
		0EB29EC21E5EF6A800D1EAAF /* ErrorViewController.swift in Sources */ = {isa = PBXBuildFile; fileRef = 0EB29EC11E5EF6A800D1EAAF /* ErrorViewController.swift */; };
		43010ADE1E6036B1009A38A1 /* RecordButtonClass.swift in Sources */ = {isa = PBXBuildFile; fileRef = 43010ADD1E6036B1009A38A1 /* RecordButtonClass.swift */; };
		43010AE01E60496A009A38A1 /* SpeechToText.swift in Sources */ = {isa = PBXBuildFile; fileRef = 43010ADF1E60496A009A38A1 /* SpeechToText.swift */; };
		43010AE21E605A24009A38A1 /* FireEvents.swift in Sources */ = {isa = PBXBuildFile; fileRef = 43010AE11E605A24009A38A1 /* FireEvents.swift */; };
		4309EAA91E5DF698005026CB /* ImageCollectionViewCell.swift in Sources */ = {isa = PBXBuildFile; fileRef = 4309EAA81E5DF698005026CB /* ImageCollectionViewCell.swift */; };
		4309EAAB1E5DF82F005026CB /* VoteViewController.swift in Sources */ = {isa = PBXBuildFile; fileRef = 4309EAAA1E5DF82F005026CB /* VoteViewController.swift */; };
		43266B101E6429C300A644C1 /* ServerConnection.swift in Sources */ = {isa = PBXBuildFile; fileRef = 43266B0F1E6429C300A644C1 /* ServerConnection.swift */; };
		43266B121E64634800A644C1 /* NuanceButtonClass.swift in Sources */ = {isa = PBXBuildFile; fileRef = 43266B111E64634800A644C1 /* NuanceButtonClass.swift */; };
		43266B191E646C1B00A644C1 /* AEXML.framework in Frameworks */ = {isa = PBXBuildFile; fileRef = 43266B181E646C1B00A644C1 /* AEXML.framework */; };
		43266B1F1E64734E00A644C1 /* NuanceXMLParser.swift in Sources */ = {isa = PBXBuildFile; fileRef = 43266B1E1E64734E00A644C1 /* NuanceXMLParser.swift */; };
		433100A81E57344500269EEB /* AppDelegate.swift in Sources */ = {isa = PBXBuildFile; fileRef = 433100A71E57344500269EEB /* AppDelegate.swift */; };
		433100AA1E57344500269EEB /* ViewController.swift in Sources */ = {isa = PBXBuildFile; fileRef = 433100A91E57344500269EEB /* ViewController.swift */; };
		433100AD1E57344500269EEB /* Main.storyboard in Resources */ = {isa = PBXBuildFile; fileRef = 433100AB1E57344500269EEB /* Main.storyboard */; };
		433100AF1E57344500269EEB /* Assets.xcassets in Resources */ = {isa = PBXBuildFile; fileRef = 433100AE1E57344500269EEB /* Assets.xcassets */; };
		433100BD1E57344500269EEB /* CapgeminiTests.swift in Sources */ = {isa = PBXBuildFile; fileRef = 433100BC1E57344500269EEB /* CapgeminiTests.swift */; };
		433100C81E57344500269EEB /* CapgeminiUITests.swift in Sources */ = {isa = PBXBuildFile; fileRef = 433100C71E57344500269EEB /* CapgeminiUITests.swift */; };
		435AA8EB1E5B05CC00BBB567 /* Login.storyboard in Resources */ = {isa = PBXBuildFile; fileRef = 435AA8EA1E5B05CC00BBB567 /* Login.storyboard */; };
		435AA8ED1E5B064D00BBB567 /* LoginViewController.swift in Sources */ = {isa = PBXBuildFile; fileRef = 435AA8EC1E5B064D00BBB567 /* LoginViewController.swift */; };
		435AA8F61E5B302200BBB567 /* LoginCheckViewController.swift in Sources */ = {isa = PBXBuildFile; fileRef = 435AA8F51E5B302200BBB567 /* LoginCheckViewController.swift */; };
		435AA8F81E5B303700BBB567 /* LoginDateViewController.swift in Sources */ = {isa = PBXBuildFile; fileRef = 435AA8F71E5B303700BBB567 /* LoginDateViewController.swift */; };
		435AA8FC1E5B392900BBB567 /* ReconnaissanceVocaleController.swift in Sources */ = {isa = PBXBuildFile; fileRef = 435AA8FB1E5B392900BBB567 /* ReconnaissanceVocaleController.swift */; };
		435AA8FE1E5B443100BBB567 /* TextToSpeech.swift in Sources */ = {isa = PBXBuildFile; fileRef = 435AA8FD1E5B443100BBB567 /* TextToSpeech.swift */; };
		43921B971E5EE6F5001A952A /* ReplayViewController.swift in Sources */ = {isa = PBXBuildFile; fileRef = 43921B961E5EE6F5001A952A /* ReplayViewController.swift */; };
		43A96CD01E5DA3C90078CEC8 /* GlobalVariables.swift in Sources */ = {isa = PBXBuildFile; fileRef = 43A96CCF1E5DA3C90078CEC8 /* GlobalVariables.swift */; };
		43A96CD71E5DA7710078CEC8 /* DrawViewController.swift in Sources */ = {isa = PBXBuildFile; fileRef = 43A96CD61E5DA7710078CEC8 /* DrawViewController.swift */; };
		43F430DB1E648179007D781C /* AEXML.framework in Frameworks */ = {isa = PBXBuildFile; fileRef = 43266B181E646C1B00A644C1 /* AEXML.framework */; };
		43F430DC1E648179007D781C /* AEXML.framework in Embed Frameworks */ = {isa = PBXBuildFile; fileRef = 43266B181E646C1B00A644C1 /* AEXML.framework */; settings = {ATTRIBUTES = (CodeSignOnCopy, RemoveHeadersOnCopy, ); }; };
/* End PBXBuildFile section */

/* Begin PBXContainerItemProxy section */
		433100B91E57344500269EEB /* PBXContainerItemProxy */ = {
			isa = PBXContainerItemProxy;
			containerPortal = 4331009C1E57344400269EEB /* Project object */;
			proxyType = 1;
			remoteGlobalIDString = 433100A31E57344400269EEB;
			remoteInfo = Capgemini;
		};
		433100C41E57344500269EEB /* PBXContainerItemProxy */ = {
			isa = PBXContainerItemProxy;
			containerPortal = 4331009C1E57344400269EEB /* Project object */;
			proxyType = 1;
			remoteGlobalIDString = 433100A31E57344400269EEB;
			remoteInfo = Capgemini;
		};
/* End PBXContainerItemProxy section */

/* Begin PBXCopyFilesBuildPhase section */
		0EA950451E642C9E00D82337 /* Embed Frameworks */ = {
			isa = PBXCopyFilesBuildPhase;
			buildActionMask = 2147483647;
			dstPath = "";
			dstSubfolderSpec = 10;
			files = (
				43F430DC1E648179007D781C /* AEXML.framework in Embed Frameworks */,
				0EA950441E642C9E00D82337 /* AudioKit.framework in Embed Frameworks */,
			);
			name = "Embed Frameworks";
			runOnlyForDeploymentPostprocessing = 0;
		};
/* End PBXCopyFilesBuildPhase section */

/* Begin PBXFileReference section */
		0E09616D1E5B4EF400487D61 /* ReadyViewController.swift */ = {isa = PBXFileReference; fileEncoding = 4; lastKnownFileType = sourcecode.swift; path = ReadyViewController.swift; sourceTree = "<group>"; };
		0E09616F1E5B4F1800487D61 /* SetDateViewController.swift */ = {isa = PBXFileReference; fileEncoding = 4; lastKnownFileType = sourcecode.swift; path = SetDateViewController.swift; sourceTree = "<group>"; };
		0E0961701E5B4F1800487D61 /* SetNickViewController.swift */ = {isa = PBXFileReference; fileEncoding = 4; lastKnownFileType = sourcecode.swift; path = SetNickViewController.swift; sourceTree = "<group>"; };
		0E0961711E5B4F1800487D61 /* VoiceRecViewController.swift */ = {isa = PBXFileReference; fileEncoding = 4; lastKnownFileType = sourcecode.swift; path = VoiceRecViewController.swift; sourceTree = "<group>"; };
		0E1D3BED1E603A26002CE65D /* CustomButtons.swift */ = {isa = PBXFileReference; fileEncoding = 4; lastKnownFileType = sourcecode.swift; path = CustomButtons.swift; sourceTree = "<group>"; };
		0E7E23E11E5B010300E0F4D9 /* Enrolment.storyboard */ = {isa = PBXFileReference; fileEncoding = 4; lastKnownFileType = file.storyboard; path = Enrolment.storyboard; sourceTree = "<group>"; };
		0E9E39751E5C958E0000BD9E /* NickViewController.swift */ = {isa = PBXFileReference; fileEncoding = 4; lastKnownFileType = sourcecode.swift; path = NickViewController.swift; sourceTree = "<group>"; };
		0EA4B1051E5DDFB40088FF48 /* UsersViewController.swift */ = {isa = PBXFileReference; fileEncoding = 4; lastKnownFileType = sourcecode.swift; path = UsersViewController.swift; sourceTree = "<group>"; };
		0EA4B1091E5DEF640088FF48 /* ExtensionUIViewController.swift */ = {isa = PBXFileReference; fileEncoding = 4; lastKnownFileType = sourcecode.swift; path = ExtensionUIViewController.swift; sourceTree = "<group>"; };
		0EA4B10B1E5DF1B30088FF48 /* LeaderBoardViewController.swift */ = {isa = PBXFileReference; fileEncoding = 4; lastKnownFileType = sourcecode.swift; path = LeaderBoardViewController.swift; sourceTree = "<group>"; };
		0EA94FED1E642AAB00D82337 /* DrawTestViewController.swift */ = {isa = PBXFileReference; fileEncoding = 4; lastKnownFileType = sourcecode.swift; path = DrawTestViewController.swift; sourceTree = "<group>"; };
		0EA94FEF1E642AE400D82337 /* CalibrationViewController.swift */ = {isa = PBXFileReference; fileEncoding = 4; lastKnownFileType = sourcecode.swift; path = CalibrationViewController.swift; sourceTree = "<group>"; };
		0EA950361E642B6A00D82337 /* App.storyboard */ = {isa = PBXFileReference; fileEncoding = 4; lastKnownFileType = file.storyboard; path = App.storyboard; sourceTree = "<group>"; };
		0EA950391E642BFB00D82337 /* extensions.swift */ = {isa = PBXFileReference; fileEncoding = 4; lastKnownFileType = sourcecode.swift; path = extensions.swift; sourceTree = "<group>"; };
		0EA9503A1E642BFB00D82337 /* FrequencyVoiceParameters.swift */ = {isa = PBXFileReference; fileEncoding = 4; lastKnownFileType = sourcecode.swift; path = FrequencyVoiceParameters.swift; sourceTree = "<group>"; };
		0EA9503B1E642BFB00D82337 /* Line.swift */ = {isa = PBXFileReference; fileEncoding = 4; lastKnownFileType = sourcecode.swift; path = Line.swift; sourceTree = "<group>"; };
		0EA9503C1E642BFB00D82337 /* Pointer.swift */ = {isa = PBXFileReference; fileEncoding = 4; lastKnownFileType = sourcecode.swift; path = Pointer.swift; sourceTree = "<group>"; };
		0EA950411E642C8F00D82337 /* AudioKit.framework */ = {isa = PBXFileReference; lastKnownFileType = wrapper.framework; path = AudioKit.framework; sourceTree = "<group>"; };
		0EA950461E642CEF00D82337 /* DrawView.swift */ = {isa = PBXFileReference; fileEncoding = 4; lastKnownFileType = sourcecode.swift; path = DrawView.swift; sourceTree = "<group>"; };
		0EA950481E64314A00D82337 /* UserInfo.swift */ = {isa = PBXFileReference; fileEncoding = 4; lastKnownFileType = sourcecode.swift; name = UserInfo.swift; path = ../UserInfo.swift; sourceTree = "<group>"; };
		0EA9504E1E658E3400D82337 /* ConnectiontoBackServer.swift */ = {isa = PBXFileReference; fileEncoding = 4; lastKnownFileType = sourcecode.swift; path = ConnectiontoBackServer.swift; sourceTree = "<group>"; };
		0EA950501E658E3F00D82337 /* ServerFunctions.swift */ = {isa = PBXFileReference; fileEncoding = 4; lastKnownFileType = sourcecode.swift; path = ServerFunctions.swift; sourceTree = "<group>"; };
		0EB29EC11E5EF6A800D1EAAF /* ErrorViewController.swift */ = {isa = PBXFileReference; fileEncoding = 4; lastKnownFileType = sourcecode.swift; path = ErrorViewController.swift; sourceTree = "<group>"; };
		43010ADD1E6036B1009A38A1 /* RecordButtonClass.swift */ = {isa = PBXFileReference; fileEncoding = 4; lastKnownFileType = sourcecode.swift; path = RecordButtonClass.swift; sourceTree = "<group>"; };
		43010ADF1E60496A009A38A1 /* SpeechToText.swift */ = {isa = PBXFileReference; fileEncoding = 4; lastKnownFileType = sourcecode.swift; path = SpeechToText.swift; sourceTree = "<group>"; };
		43010AE11E605A24009A38A1 /* FireEvents.swift */ = {isa = PBXFileReference; fileEncoding = 4; lastKnownFileType = sourcecode.swift; path = FireEvents.swift; sourceTree = "<group>"; };
		4309EAA81E5DF698005026CB /* ImageCollectionViewCell.swift */ = {isa = PBXFileReference; fileEncoding = 4; lastKnownFileType = sourcecode.swift; path = ImageCollectionViewCell.swift; sourceTree = "<group>"; };
		4309EAAA1E5DF82F005026CB /* VoteViewController.swift */ = {isa = PBXFileReference; fileEncoding = 4; lastKnownFileType = sourcecode.swift; path = VoteViewController.swift; sourceTree = "<group>"; };
		43266B0F1E6429C300A644C1 /* ServerConnection.swift */ = {isa = PBXFileReference; fileEncoding = 4; lastKnownFileType = sourcecode.swift; path = ServerConnection.swift; sourceTree = "<group>"; };
		43266B111E64634800A644C1 /* NuanceButtonClass.swift */ = {isa = PBXFileReference; fileEncoding = 4; lastKnownFileType = sourcecode.swift; path = NuanceButtonClass.swift; sourceTree = "<group>"; };
		43266B181E646C1B00A644C1 /* AEXML.framework */ = {isa = PBXFileReference; lastKnownFileType = wrapper.framework; name = AEXML.framework; path = Carthage/Build/iOS/AEXML.framework; sourceTree = "<group>"; };
		43266B1E1E64734E00A644C1 /* NuanceXMLParser.swift */ = {isa = PBXFileReference; fileEncoding = 4; lastKnownFileType = sourcecode.swift; path = NuanceXMLParser.swift; sourceTree = "<group>"; };
		433100A41E57344500269EEB /* Capgemini.app */ = {isa = PBXFileReference; explicitFileType = wrapper.application; includeInIndex = 0; path = Capgemini.app; sourceTree = BUILT_PRODUCTS_DIR; };
		433100A71E57344500269EEB /* AppDelegate.swift */ = {isa = PBXFileReference; lastKnownFileType = sourcecode.swift; path = AppDelegate.swift; sourceTree = "<group>"; };
		433100A91E57344500269EEB /* ViewController.swift */ = {isa = PBXFileReference; lastKnownFileType = sourcecode.swift; path = ViewController.swift; sourceTree = "<group>"; };
		433100AC1E57344500269EEB /* Base */ = {isa = PBXFileReference; lastKnownFileType = file.storyboard; name = Base; path = Base.lproj/Main.storyboard; sourceTree = "<group>"; };
		433100AE1E57344500269EEB /* Assets.xcassets */ = {isa = PBXFileReference; lastKnownFileType = folder.assetcatalog; path = Assets.xcassets; sourceTree = "<group>"; };
		433100B31E57344500269EEB /* Info.plist */ = {isa = PBXFileReference; lastKnownFileType = text.plist.xml; path = Info.plist; sourceTree = "<group>"; };
		433100B81E57344500269EEB /* CapgeminiTests.xctest */ = {isa = PBXFileReference; explicitFileType = wrapper.cfbundle; includeInIndex = 0; path = CapgeminiTests.xctest; sourceTree = BUILT_PRODUCTS_DIR; };
		433100BC1E57344500269EEB /* CapgeminiTests.swift */ = {isa = PBXFileReference; lastKnownFileType = sourcecode.swift; path = CapgeminiTests.swift; sourceTree = "<group>"; };
		433100BE1E57344500269EEB /* Info.plist */ = {isa = PBXFileReference; lastKnownFileType = text.plist.xml; path = Info.plist; sourceTree = "<group>"; };
		433100C31E57344500269EEB /* CapgeminiUITests.xctest */ = {isa = PBXFileReference; explicitFileType = wrapper.cfbundle; includeInIndex = 0; path = CapgeminiUITests.xctest; sourceTree = BUILT_PRODUCTS_DIR; };
		433100C71E57344500269EEB /* CapgeminiUITests.swift */ = {isa = PBXFileReference; lastKnownFileType = sourcecode.swift; path = CapgeminiUITests.swift; sourceTree = "<group>"; };
		433100C91E57344500269EEB /* Info.plist */ = {isa = PBXFileReference; lastKnownFileType = text.plist.xml; path = Info.plist; sourceTree = "<group>"; };
		435AA8EA1E5B05CC00BBB567 /* Login.storyboard */ = {isa = PBXFileReference; fileEncoding = 4; lastKnownFileType = file.storyboard; path = Login.storyboard; sourceTree = "<group>"; };
		435AA8EC1E5B064D00BBB567 /* LoginViewController.swift */ = {isa = PBXFileReference; fileEncoding = 4; lastKnownFileType = sourcecode.swift; path = LoginViewController.swift; sourceTree = "<group>"; };
		435AA8F51E5B302200BBB567 /* LoginCheckViewController.swift */ = {isa = PBXFileReference; fileEncoding = 4; lastKnownFileType = sourcecode.swift; path = LoginCheckViewController.swift; sourceTree = "<group>"; };
		435AA8F71E5B303700BBB567 /* LoginDateViewController.swift */ = {isa = PBXFileReference; fileEncoding = 4; lastKnownFileType = sourcecode.swift; path = LoginDateViewController.swift; sourceTree = "<group>"; };
		435AA8FB1E5B392900BBB567 /* ReconnaissanceVocaleController.swift */ = {isa = PBXFileReference; fileEncoding = 4; lastKnownFileType = sourcecode.swift; path = ReconnaissanceVocaleController.swift; sourceTree = "<group>"; };
		435AA8FD1E5B443100BBB567 /* TextToSpeech.swift */ = {isa = PBXFileReference; fileEncoding = 4; lastKnownFileType = sourcecode.swift; path = TextToSpeech.swift; sourceTree = "<group>"; };
		43921B961E5EE6F5001A952A /* ReplayViewController.swift */ = {isa = PBXFileReference; fileEncoding = 4; lastKnownFileType = sourcecode.swift; path = ReplayViewController.swift; sourceTree = "<group>"; };
		43A96CCF1E5DA3C90078CEC8 /* GlobalVariables.swift */ = {isa = PBXFileReference; fileEncoding = 4; lastKnownFileType = sourcecode.swift; path = GlobalVariables.swift; sourceTree = "<group>"; };
		43A96CD61E5DA7710078CEC8 /* DrawViewController.swift */ = {isa = PBXFileReference; fileEncoding = 4; lastKnownFileType = sourcecode.swift; path = DrawViewController.swift; sourceTree = "<group>"; };
/* End PBXFileReference section */

/* Begin PBXFrameworksBuildPhase section */
		433100A11E57344400269EEB /* Frameworks */ = {
			isa = PBXFrameworksBuildPhase;
			buildActionMask = 2147483647;
			files = (
				43266B191E646C1B00A644C1 /* AEXML.framework in Frameworks */,
				0EA950431E642C9E00D82337 /* AudioKit.framework in Frameworks */,
				43F430DB1E648179007D781C /* AEXML.framework in Frameworks */,
				0EA950421E642C8F00D82337 /* AudioKit.framework in Frameworks */,
			);
			runOnlyForDeploymentPostprocessing = 0;
		};
		433100B51E57344500269EEB /* Frameworks */ = {
			isa = PBXFrameworksBuildPhase;
			buildActionMask = 2147483647;
			files = (
			);
			runOnlyForDeploymentPostprocessing = 0;
		};
		433100C01E57344500269EEB /* Frameworks */ = {
			isa = PBXFrameworksBuildPhase;
			buildActionMask = 2147483647;
			files = (
			);
			runOnlyForDeploymentPostprocessing = 0;
		};
/* End PBXFrameworksBuildPhase section */

/* Begin PBXGroup section */
		0E0961751E5B4F1E00487D61 /* Enrolment */ = {
			isa = PBXGroup;
			children = (
				0E09616F1E5B4F1800487D61 /* SetDateViewController.swift */,
				0E0961701E5B4F1800487D61 /* SetNickViewController.swift */,
				0E0961711E5B4F1800487D61 /* VoiceRecViewController.swift */,
				0E09616D1E5B4EF400487D61 /* ReadyViewController.swift */,
			);
			name = Enrolment;
			sourceTree = "<group>";
		};
		0E7E23DE1E5B00D100E0F4D9 /* Views */ = {
			isa = PBXGroup;
			children = (
				0EA950461E642CEF00D82337 /* DrawView.swift */,
			);
			name = Views;
			sourceTree = "<group>";
		};
		0E7E23DF1E5B00DD00E0F4D9 /* Controllers */ = {
			isa = PBXGroup;
			children = (
				43A96CD51E5DA7350078CEC8 /* App */,
				0E0961751E5B4F1E00487D61 /* Enrolment */,
				435AA8F41E5B2F3C00BBB567 /* Login */,
			);
			name = Controllers;
			sourceTree = "<group>";
		};
		0E7E23E01E5B00E700E0F4D9 /* Storyboards */ = {
			isa = PBXGroup;
			children = (
				0E7E23E11E5B010300E0F4D9 /* Enrolment.storyboard */,
				435AA8EA1E5B05CC00BBB567 /* Login.storyboard */,
				0EA950361E642B6A00D82337 /* App.storyboard */,
			);
			name = Storyboards;
			sourceTree = "<group>";
		};
		0EA950381E642B8100D82337 /* Model */ = {
			isa = PBXGroup;
			children = (
				0EA950391E642BFB00D82337 /* extensions.swift */,
				0EA9503A1E642BFB00D82337 /* FrequencyVoiceParameters.swift */,
				0EA9503B1E642BFB00D82337 /* Line.swift */,
				0EA9503C1E642BFB00D82337 /* Pointer.swift */,
			);
			name = Model;
			sourceTree = "<group>";
		};
		0EA950531E65B57100D82337 /* Connection to Back */ = {
			isa = PBXGroup;
			children = (
				0EA9504E1E658E3400D82337 /* ConnectiontoBackServer.swift */,
			);
			name = "Connection to Back";
			sourceTree = "<group>";
		};
		43010ADC1E603691009A38A1 /* Components */ = {
			isa = PBXGroup;
			children = (
				43266B111E64634800A644C1 /* NuanceButtonClass.swift */,
				0EA950381E642B8100D82337 /* Model */,
				0E1D3BED1E603A26002CE65D /* CustomButtons.swift */,
				43010ADD1E6036B1009A38A1 /* RecordButtonClass.swift */,
			);
			name = Components;
			sourceTree = "<group>";
		};
		43266B0E1E64291200A644C1 /* Nuance */ = {
			isa = PBXGroup;
			children = (
				43266B0F1E6429C300A644C1 /* ServerConnection.swift */,
				0EA950501E658E3F00D82337 /* ServerFunctions.swift */,
				43266B1E1E64734E00A644C1 /* NuanceXMLParser.swift */,
			);
			name = Nuance;
			sourceTree = "<group>";
		};
		43266B171E646C1B00A644C1 /* Frameworks */ = {
			isa = PBXGroup;
			children = (
				43266B181E646C1B00A644C1 /* AEXML.framework */,
			);
			name = Frameworks;
			sourceTree = "<group>";
		};
		4331009B1E57344400269EEB = {
			isa = PBXGroup;
			children = (
				0EA950411E642C8F00D82337 /* AudioKit.framework */,
				433100A61E57344500269EEB /* Capgemini */,
				433100BB1E57344500269EEB /* CapgeminiTests */,
				433100C61E57344500269EEB /* CapgeminiUITests */,
				433100A51E57344500269EEB /* Products */,
				43266B171E646C1B00A644C1 /* Frameworks */,
			);
			sourceTree = "<group>";
		};
		433100A51E57344500269EEB /* Products */ = {
			isa = PBXGroup;
			children = (
				433100A41E57344500269EEB /* Capgemini.app */,
				433100B81E57344500269EEB /* CapgeminiTests.xctest */,
				433100C31E57344500269EEB /* CapgeminiUITests.xctest */,
			);
			name = Products;
			sourceTree = "<group>";
		};
		433100A61E57344500269EEB /* Capgemini */ = {
			isa = PBXGroup;
			children = (
				43266B0E1E64291200A644C1 /* Nuance */,
				43010ADC1E603691009A38A1 /* Components */,
				435AA8FF1E5B479800BBB567 /* Speech */,
				0E7E23E01E5B00E700E0F4D9 /* Storyboards */,
				0E7E23DF1E5B00DD00E0F4D9 /* Controllers */,
				0E7E23DE1E5B00D100E0F4D9 /* Views */,
				433100A71E57344500269EEB /* AppDelegate.swift */,
				0EA4B1091E5DEF640088FF48 /* ExtensionUIViewController.swift */,
				0EA950531E65B57100D82337 /* Connection to Back */,
				433100A91E57344500269EEB /* ViewController.swift */,
				0EA950481E64314A00D82337 /* UserInfo.swift */,
				433100AB1E57344500269EEB /* Main.storyboard */,
				433100AE1E57344500269EEB /* Assets.xcassets */,
				433100B31E57344500269EEB /* Info.plist */,
				43A96CCF1E5DA3C90078CEC8 /* GlobalVariables.swift */,
			);
			path = Capgemini;
			sourceTree = "<group>";
		};
		433100BB1E57344500269EEB /* CapgeminiTests */ = {
			isa = PBXGroup;
			children = (
				433100BC1E57344500269EEB /* CapgeminiTests.swift */,
				433100BE1E57344500269EEB /* Info.plist */,
			);
			path = CapgeminiTests;
			sourceTree = "<group>";
		};
		433100C61E57344500269EEB /* CapgeminiUITests */ = {
			isa = PBXGroup;
			children = (
				433100C71E57344500269EEB /* CapgeminiUITests.swift */,
				433100C91E57344500269EEB /* Info.plist */,
			);
			path = CapgeminiUITests;
			sourceTree = "<group>";
		};
		435AA8F41E5B2F3C00BBB567 /* Login */ = {
			isa = PBXGroup;
			children = (
				0E9E39751E5C958E0000BD9E /* NickViewController.swift */,
				0EB29EC11E5EF6A800D1EAAF /* ErrorViewController.swift */,
				435AA8EC1E5B064D00BBB567 /* LoginViewController.swift */,
				0EA4B1051E5DDFB40088FF48 /* UsersViewController.swift */,
				435AA8F51E5B302200BBB567 /* LoginCheckViewController.swift */,
				435AA8F71E5B303700BBB567 /* LoginDateViewController.swift */,
			);
			name = Login;
			sourceTree = "<group>";
		};
		435AA8FF1E5B479800BBB567 /* Speech */ = {
			isa = PBXGroup;
			children = (
				435AA8FD1E5B443100BBB567 /* TextToSpeech.swift */,
				435AA8FB1E5B392900BBB567 /* ReconnaissanceVocaleController.swift */,
				43010ADF1E60496A009A38A1 /* SpeechToText.swift */,
				43010AE11E605A24009A38A1 /* FireEvents.swift */,
			);
			name = Speech;
			sourceTree = "<group>";
		};
		43A96CD51E5DA7350078CEC8 /* App */ = {
			isa = PBXGroup;
			children = (
				4309EAAA1E5DF82F005026CB /* VoteViewController.swift */,
				4309EAA81E5DF698005026CB /* ImageCollectionViewCell.swift */,
				43A96CD61E5DA7710078CEC8 /* DrawViewController.swift */,
				0EA94FEF1E642AE400D82337 /* CalibrationViewController.swift */,
				0EA94FED1E642AAB00D82337 /* DrawTestViewController.swift */,
				0EA4B10B1E5DF1B30088FF48 /* LeaderBoardViewController.swift */,
				43921B961E5EE6F5001A952A /* ReplayViewController.swift */,
			);
			name = App;
			sourceTree = "<group>";
		};
/* End PBXGroup section */

/* Begin PBXNativeTarget section */
		433100A31E57344400269EEB /* Capgemini */ = {
			isa = PBXNativeTarget;
			buildConfigurationList = 433100CC1E57344500269EEB /* Build configuration list for PBXNativeTarget "Capgemini" */;
			buildPhases = (
				433100A01E57344400269EEB /* Sources */,
				433100A11E57344400269EEB /* Frameworks */,
				433100A21E57344400269EEB /* Resources */,
				43266B1B1E646E0A00A644C1 /* ShellScript */,
				0EA950451E642C9E00D82337 /* Embed Frameworks */,
			);
			buildRules = (
			);
			dependencies = (
			);
			name = Capgemini;
			productName = Capgemini;
			productReference = 433100A41E57344500269EEB /* Capgemini.app */;
			productType = "com.apple.product-type.application";
		};
		433100B71E57344500269EEB /* CapgeminiTests */ = {
			isa = PBXNativeTarget;
			buildConfigurationList = 433100CF1E57344500269EEB /* Build configuration list for PBXNativeTarget "CapgeminiTests" */;
			buildPhases = (
				433100B41E57344500269EEB /* Sources */,
				433100B51E57344500269EEB /* Frameworks */,
				433100B61E57344500269EEB /* Resources */,
			);
			buildRules = (
			);
			dependencies = (
				433100BA1E57344500269EEB /* PBXTargetDependency */,
			);
			name = CapgeminiTests;
			productName = CapgeminiTests;
			productReference = 433100B81E57344500269EEB /* CapgeminiTests.xctest */;
			productType = "com.apple.product-type.bundle.unit-test";
		};
		433100C21E57344500269EEB /* CapgeminiUITests */ = {
			isa = PBXNativeTarget;
			buildConfigurationList = 433100D21E57344500269EEB /* Build configuration list for PBXNativeTarget "CapgeminiUITests" */;
			buildPhases = (
				433100BF1E57344500269EEB /* Sources */,
				433100C01E57344500269EEB /* Frameworks */,
				433100C11E57344500269EEB /* Resources */,
			);
			buildRules = (
			);
			dependencies = (
				433100C51E57344500269EEB /* PBXTargetDependency */,
			);
			name = CapgeminiUITests;
			productName = CapgeminiUITests;
			productReference = 433100C31E57344500269EEB /* CapgeminiUITests.xctest */;
			productType = "com.apple.product-type.bundle.ui-testing";
		};
/* End PBXNativeTarget section */

/* Begin PBXProject section */
		4331009C1E57344400269EEB /* Project object */ = {
			isa = PBXProject;
			attributes = {
				LastSwiftUpdateCheck = 0820;
				LastUpgradeCheck = 0820;
				ORGANIZATIONNAME = "xavier green";
				TargetAttributes = {
					433100A31E57344400269EEB = {
						CreatedOnToolsVersion = 8.2.1;
						DevelopmentTeam = 89UMTC92D7;
						ProvisioningStyle = Automatic;
					};
					433100B71E57344500269EEB = {
						CreatedOnToolsVersion = 8.2.1;
						ProvisioningStyle = Automatic;
						TestTargetID = 433100A31E57344400269EEB;
					};
					433100C21E57344500269EEB = {
						CreatedOnToolsVersion = 8.2.1;
						ProvisioningStyle = Automatic;
						TestTargetID = 433100A31E57344400269EEB;
					};
				};
			};
			buildConfigurationList = 4331009F1E57344400269EEB /* Build configuration list for PBXProject "Capgemini" */;
			compatibilityVersion = "Xcode 3.2";
			developmentRegion = English;
			hasScannedForEncodings = 0;
			knownRegions = (
				en,
				Base,
			);
			mainGroup = 4331009B1E57344400269EEB;
			productRefGroup = 433100A51E57344500269EEB /* Products */;
			projectDirPath = "";
			projectRoot = "";
			targets = (
				433100A31E57344400269EEB /* Capgemini */,
				433100B71E57344500269EEB /* CapgeminiTests */,
				433100C21E57344500269EEB /* CapgeminiUITests */,
			);
		};
/* End PBXProject section */

/* Begin PBXResourcesBuildPhase section */
		433100A21E57344400269EEB /* Resources */ = {
			isa = PBXResourcesBuildPhase;
			buildActionMask = 2147483647;
			files = (
				435AA8EB1E5B05CC00BBB567 /* Login.storyboard in Resources */,
				433100AF1E57344500269EEB /* Assets.xcassets in Resources */,
				433100AD1E57344500269EEB /* Main.storyboard in Resources */,
				0E7E23E21E5B010300E0F4D9 /* Enrolment.storyboard in Resources */,
				0EA950371E642B6A00D82337 /* App.storyboard in Resources */,
			);
			runOnlyForDeploymentPostprocessing = 0;
		};
		433100B61E57344500269EEB /* Resources */ = {
			isa = PBXResourcesBuildPhase;
			buildActionMask = 2147483647;
			files = (
			);
			runOnlyForDeploymentPostprocessing = 0;
		};
		433100C11E57344500269EEB /* Resources */ = {
			isa = PBXResourcesBuildPhase;
			buildActionMask = 2147483647;
			files = (
			);
			runOnlyForDeploymentPostprocessing = 0;
		};
/* End PBXResourcesBuildPhase section */

/* Begin PBXShellScriptBuildPhase section */
		43266B1B1E646E0A00A644C1 /* ShellScript */ = {
			isa = PBXShellScriptBuildPhase;
			buildActionMask = 2147483647;
			files = (
			);
			inputPaths = (
				"$(SRCROOT)/Carthage/Build/iOS/AEXML.framework",
			);
			outputPaths = (
			);
			runOnlyForDeploymentPostprocessing = 0;
			shellPath = /bin/sh;
			shellScript = "/usr/local/bin/carthage copy-frameworks";
		};
/* End PBXShellScriptBuildPhase section */

/* Begin PBXSourcesBuildPhase section */
		433100A01E57344400269EEB /* Sources */ = {
			isa = PBXSourcesBuildPhase;
			buildActionMask = 2147483647;
			files = (
				0EA4B10C1E5DF1B30088FF48 /* LeaderBoardViewController.swift in Sources */,
				0E0961741E5B4F1800487D61 /* VoiceRecViewController.swift in Sources */,
				435AA8F81E5B303700BBB567 /* LoginDateViewController.swift in Sources */,
				0EA9503D1E642BFB00D82337 /* extensions.swift in Sources */,
				43010AE01E60496A009A38A1 /* SpeechToText.swift in Sources */,
				0EA950401E642BFB00D82337 /* Pointer.swift in Sources */,
				435AA8FC1E5B392900BBB567 /* ReconnaissanceVocaleController.swift in Sources */,
				0E9E39761E5C958E0000BD9E /* NickViewController.swift in Sources */,
				43A96CD71E5DA7710078CEC8 /* DrawViewController.swift in Sources */,
				43266B121E64634800A644C1 /* NuanceButtonClass.swift in Sources */,
				4309EAA91E5DF698005026CB /* ImageCollectionViewCell.swift in Sources */,
				0EA9503F1E642BFB00D82337 /* Line.swift in Sources */,
				0EB29EC21E5EF6A800D1EAAF /* ErrorViewController.swift in Sources */,
				0EA4B1061E5DDFB40088FF48 /* UsersViewController.swift in Sources */,
				43A96CD01E5DA3C90078CEC8 /* GlobalVariables.swift in Sources */,
				435AA8ED1E5B064D00BBB567 /* LoginViewController.swift in Sources */,
				0EA94FEE1E642AAB00D82337 /* DrawTestViewController.swift in Sources */,
				0EA9503E1E642BFB00D82337 /* FrequencyVoiceParameters.swift in Sources */,
				0E0961721E5B4F1800487D61 /* SetDateViewController.swift in Sources */,
				0EA950471E642CEF00D82337 /* DrawView.swift in Sources */,
				0E1D3BEE1E603A26002CE65D /* CustomButtons.swift in Sources */,
				433100AA1E57344500269EEB /* ViewController.swift in Sources */,
				0E09616E1E5B4EF400487D61 /* ReadyViewController.swift in Sources */,
				43921B971E5EE6F5001A952A /* ReplayViewController.swift in Sources */,
				43010AE21E605A24009A38A1 /* FireEvents.swift in Sources */,
				0EA94FF01E642AE400D82337 /* CalibrationViewController.swift in Sources */,
				435AA8FE1E5B443100BBB567 /* TextToSpeech.swift in Sources */,
				433100A81E57344500269EEB /* AppDelegate.swift in Sources */,
				0EA9504F1E658E3400D82337 /* ConnectiontoBackServer.swift in Sources */,
				43266B101E6429C300A644C1 /* ServerConnection.swift in Sources */,
				43010ADE1E6036B1009A38A1 /* RecordButtonClass.swift in Sources */,
				0E0961731E5B4F1800487D61 /* SetNickViewController.swift in Sources */,
				43266B1F1E64734E00A644C1 /* NuanceXMLParser.swift in Sources */,
				4309EAAB1E5DF82F005026CB /* VoteViewController.swift in Sources */,
				0EA950511E658E3F00D82337 /* ServerFunctions.swift in Sources */,
				435AA8F61E5B302200BBB567 /* LoginCheckViewController.swift in Sources */,
				0EA950491E64314A00D82337 /* UserInfo.swift in Sources */,
				0EA4B10A1E5DEF640088FF48 /* ExtensionUIViewController.swift in Sources */,
			);
			runOnlyForDeploymentPostprocessing = 0;
		};
		433100B41E57344500269EEB /* Sources */ = {
			isa = PBXSourcesBuildPhase;
			buildActionMask = 2147483647;
			files = (
				433100BD1E57344500269EEB /* CapgeminiTests.swift in Sources */,
			);
			runOnlyForDeploymentPostprocessing = 0;
		};
		433100BF1E57344500269EEB /* Sources */ = {
			isa = PBXSourcesBuildPhase;
			buildActionMask = 2147483647;
			files = (
				433100C81E57344500269EEB /* CapgeminiUITests.swift in Sources */,
			);
			runOnlyForDeploymentPostprocessing = 0;
		};
/* End PBXSourcesBuildPhase section */

/* Begin PBXTargetDependency section */
		433100BA1E57344500269EEB /* PBXTargetDependency */ = {
			isa = PBXTargetDependency;
			target = 433100A31E57344400269EEB /* Capgemini */;
			targetProxy = 433100B91E57344500269EEB /* PBXContainerItemProxy */;
		};
		433100C51E57344500269EEB /* PBXTargetDependency */ = {
			isa = PBXTargetDependency;
			target = 433100A31E57344400269EEB /* Capgemini */;
			targetProxy = 433100C41E57344500269EEB /* PBXContainerItemProxy */;
		};
/* End PBXTargetDependency section */

/* Begin PBXVariantGroup section */
		433100AB1E57344500269EEB /* Main.storyboard */ = {
			isa = PBXVariantGroup;
			children = (
				433100AC1E57344500269EEB /* Base */,
			);
			name = Main.storyboard;
			sourceTree = "<group>";
		};
/* End PBXVariantGroup section */

/* Begin XCBuildConfiguration section */
		433100CA1E57344500269EEB /* Debug */ = {
			isa = XCBuildConfiguration;
			buildSettings = {
				ALWAYS_SEARCH_USER_PATHS = NO;
				CLANG_ANALYZER_NONNULL = YES;
				CLANG_CXX_LANGUAGE_STANDARD = "gnu++0x";
				CLANG_CXX_LIBRARY = "libc++";
				CLANG_ENABLE_MODULES = YES;
				CLANG_ENABLE_OBJC_ARC = YES;
				CLANG_WARN_BOOL_CONVERSION = YES;
				CLANG_WARN_CONSTANT_CONVERSION = YES;
				CLANG_WARN_DIRECT_OBJC_ISA_USAGE = YES_ERROR;
				CLANG_WARN_DOCUMENTATION_COMMENTS = YES;
				CLANG_WARN_EMPTY_BODY = YES;
				CLANG_WARN_ENUM_CONVERSION = YES;
				CLANG_WARN_INFINITE_RECURSION = YES;
				CLANG_WARN_INT_CONVERSION = YES;
				CLANG_WARN_OBJC_ROOT_CLASS = YES_ERROR;
				CLANG_WARN_SUSPICIOUS_MOVE = YES;
				CLANG_WARN_UNREACHABLE_CODE = YES;
				CLANG_WARN__DUPLICATE_METHOD_MATCH = YES;
				"CODE_SIGN_IDENTITY[sdk=iphoneos*]" = "iPhone Developer";
				COPY_PHASE_STRIP = NO;
				DEBUG_INFORMATION_FORMAT = dwarf;
				ENABLE_STRICT_OBJC_MSGSEND = YES;
				ENABLE_TESTABILITY = YES;
				GCC_C_LANGUAGE_STANDARD = gnu99;
				GCC_DYNAMIC_NO_PIC = NO;
				GCC_NO_COMMON_BLOCKS = YES;
				GCC_OPTIMIZATION_LEVEL = 0;
				GCC_PREPROCESSOR_DEFINITIONS = (
					"DEBUG=1",
					"$(inherited)",
				);
				GCC_WARN_64_TO_32_BIT_CONVERSION = YES;
				GCC_WARN_ABOUT_RETURN_TYPE = YES_ERROR;
				GCC_WARN_UNDECLARED_SELECTOR = YES;
				GCC_WARN_UNINITIALIZED_AUTOS = YES_AGGRESSIVE;
				GCC_WARN_UNUSED_FUNCTION = YES;
				GCC_WARN_UNUSED_VARIABLE = YES;
				IPHONEOS_DEPLOYMENT_TARGET = 10.2;
				MTL_ENABLE_DEBUG_INFO = YES;
				ONLY_ACTIVE_ARCH = YES;
				SDKROOT = iphoneos;
				SWIFT_ACTIVE_COMPILATION_CONDITIONS = DEBUG;
				SWIFT_OPTIMIZATION_LEVEL = "-Onone";
				TARGETED_DEVICE_FAMILY = "1,2";
			};
			name = Debug;
		};
		433100CB1E57344500269EEB /* Release */ = {
			isa = XCBuildConfiguration;
			buildSettings = {
				ALWAYS_SEARCH_USER_PATHS = NO;
				CLANG_ANALYZER_NONNULL = YES;
				CLANG_CXX_LANGUAGE_STANDARD = "gnu++0x";
				CLANG_CXX_LIBRARY = "libc++";
				CLANG_ENABLE_MODULES = YES;
				CLANG_ENABLE_OBJC_ARC = YES;
				CLANG_WARN_BOOL_CONVERSION = YES;
				CLANG_WARN_CONSTANT_CONVERSION = YES;
				CLANG_WARN_DIRECT_OBJC_ISA_USAGE = YES_ERROR;
				CLANG_WARN_DOCUMENTATION_COMMENTS = YES;
				CLANG_WARN_EMPTY_BODY = YES;
				CLANG_WARN_ENUM_CONVERSION = YES;
				CLANG_WARN_INFINITE_RECURSION = YES;
				CLANG_WARN_INT_CONVERSION = YES;
				CLANG_WARN_OBJC_ROOT_CLASS = YES_ERROR;
				CLANG_WARN_SUSPICIOUS_MOVE = YES;
				CLANG_WARN_UNREACHABLE_CODE = YES;
				CLANG_WARN__DUPLICATE_METHOD_MATCH = YES;
				"CODE_SIGN_IDENTITY[sdk=iphoneos*]" = "iPhone Developer";
				COPY_PHASE_STRIP = NO;
				DEBUG_INFORMATION_FORMAT = "dwarf-with-dsym";
				ENABLE_NS_ASSERTIONS = NO;
				ENABLE_STRICT_OBJC_MSGSEND = YES;
				GCC_C_LANGUAGE_STANDARD = gnu99;
				GCC_NO_COMMON_BLOCKS = YES;
				GCC_WARN_64_TO_32_BIT_CONVERSION = YES;
				GCC_WARN_ABOUT_RETURN_TYPE = YES_ERROR;
				GCC_WARN_UNDECLARED_SELECTOR = YES;
				GCC_WARN_UNINITIALIZED_AUTOS = YES_AGGRESSIVE;
				GCC_WARN_UNUSED_FUNCTION = YES;
				GCC_WARN_UNUSED_VARIABLE = YES;
				IPHONEOS_DEPLOYMENT_TARGET = 10.2;
				MTL_ENABLE_DEBUG_INFO = NO;
				SDKROOT = iphoneos;
				SWIFT_OPTIMIZATION_LEVEL = "-Owholemodule";
				TARGETED_DEVICE_FAMILY = "1,2";
				VALIDATE_PRODUCT = YES;
			};
			name = Release;
		};
		433100CD1E57344500269EEB /* Debug */ = {
			isa = XCBuildConfiguration;
			buildSettings = {
				ASSETCATALOG_COMPILER_APPICON_NAME = AppIcon;
				"CODE_SIGN_IDENTITY[sdk=iphoneos*]" = "iPhone Developer";
				DEVELOPMENT_TEAM = 89UMTC92D7;
				FRAMEWORK_SEARCH_PATHS = (
					"$(inherited)",
					"$(PROJECT_DIR)/Carthage/Build/iOS",
					"$(PROJECT_DIR)",
				);
				INFOPLIST_FILE = Capgemini/Info.plist;
				IPHONEOS_DEPLOYMENT_TARGET = 10.0;
				LD_RUNPATH_SEARCH_PATHS = "$(inherited) @executable_path/Frameworks";
				PRODUCT_BUNDLE_IDENTIFIER = com.dty.Capgemini;
				PRODUCT_NAME = "$(TARGET_NAME)";
				SWIFT_VERSION = 3.0;
			};
			name = Debug;
		};
		433100CE1E57344500269EEB /* Release */ = {
			isa = XCBuildConfiguration;
			buildSettings = {
				ASSETCATALOG_COMPILER_APPICON_NAME = AppIcon;
				"CODE_SIGN_IDENTITY[sdk=iphoneos*]" = "iPhone Developer";
				DEVELOPMENT_TEAM = 89UMTC92D7;
				FRAMEWORK_SEARCH_PATHS = (
					"$(inherited)",
					"$(PROJECT_DIR)/Carthage/Build/iOS",
					"$(PROJECT_DIR)",
				);
				INFOPLIST_FILE = Capgemini/Info.plist;
				IPHONEOS_DEPLOYMENT_TARGET = 10.0;
				LD_RUNPATH_SEARCH_PATHS = "$(inherited) @executable_path/Frameworks";
				PRODUCT_BUNDLE_IDENTIFIER = com.dty.Capgemini;
				PRODUCT_NAME = "$(TARGET_NAME)";
				SWIFT_VERSION = 3.0;
			};
			name = Release;
		};
		433100D01E57344500269EEB /* Debug */ = {
			isa = XCBuildConfiguration;
			buildSettings = {
				ALWAYS_EMBED_SWIFT_STANDARD_LIBRARIES = YES;
				BUNDLE_LOADER = "$(TEST_HOST)";
				INFOPLIST_FILE = CapgeminiTests/Info.plist;
				LD_RUNPATH_SEARCH_PATHS = "$(inherited) @executable_path/Frameworks @loader_path/Frameworks";
				PRODUCT_BUNDLE_IDENTIFIER = com.dty.CapgeminiTests;
				PRODUCT_NAME = "$(TARGET_NAME)";
				SWIFT_VERSION = 3.0;
				TEST_HOST = "$(BUILT_PRODUCTS_DIR)/Capgemini.app/Capgemini";
			};
			name = Debug;
		};
		433100D11E57344500269EEB /* Release */ = {
			isa = XCBuildConfiguration;
			buildSettings = {
				ALWAYS_EMBED_SWIFT_STANDARD_LIBRARIES = YES;
				BUNDLE_LOADER = "$(TEST_HOST)";
				INFOPLIST_FILE = CapgeminiTests/Info.plist;
				LD_RUNPATH_SEARCH_PATHS = "$(inherited) @executable_path/Frameworks @loader_path/Frameworks";
				PRODUCT_BUNDLE_IDENTIFIER = com.dty.CapgeminiTests;
				PRODUCT_NAME = "$(TARGET_NAME)";
				SWIFT_VERSION = 3.0;
				TEST_HOST = "$(BUILT_PRODUCTS_DIR)/Capgemini.app/Capgemini";
			};
			name = Release;
		};
		433100D31E57344500269EEB /* Debug */ = {
			isa = XCBuildConfiguration;
			buildSettings = {
				ALWAYS_EMBED_SWIFT_STANDARD_LIBRARIES = YES;
				INFOPLIST_FILE = CapgeminiUITests/Info.plist;
				LD_RUNPATH_SEARCH_PATHS = "$(inherited) @executable_path/Frameworks @loader_path/Frameworks";
				PRODUCT_BUNDLE_IDENTIFIER = com.dty.CapgeminiUITests;
				PRODUCT_NAME = "$(TARGET_NAME)";
				SWIFT_VERSION = 3.0;
				TEST_TARGET_NAME = Capgemini;
			};
			name = Debug;
		};
		433100D41E57344500269EEB /* Release */ = {
			isa = XCBuildConfiguration;
			buildSettings = {
				ALWAYS_EMBED_SWIFT_STANDARD_LIBRARIES = YES;
				INFOPLIST_FILE = CapgeminiUITests/Info.plist;
				LD_RUNPATH_SEARCH_PATHS = "$(inherited) @executable_path/Frameworks @loader_path/Frameworks";
				PRODUCT_BUNDLE_IDENTIFIER = com.dty.CapgeminiUITests;
				PRODUCT_NAME = "$(TARGET_NAME)";
				SWIFT_VERSION = 3.0;
				TEST_TARGET_NAME = Capgemini;
			};
			name = Release;
		};
/* End XCBuildConfiguration section */

/* Begin XCConfigurationList section */
		4331009F1E57344400269EEB /* Build configuration list for PBXProject "Capgemini" */ = {
			isa = XCConfigurationList;
			buildConfigurations = (
				433100CA1E57344500269EEB /* Debug */,
				433100CB1E57344500269EEB /* Release */,
			);
			defaultConfigurationIsVisible = 0;
			defaultConfigurationName = Release;
		};
		433100CC1E57344500269EEB /* Build configuration list for PBXNativeTarget "Capgemini" */ = {
			isa = XCConfigurationList;
			buildConfigurations = (
				433100CD1E57344500269EEB /* Debug */,
				433100CE1E57344500269EEB /* Release */,
			);
			defaultConfigurationIsVisible = 0;
			defaultConfigurationName = Release;
		};
		433100CF1E57344500269EEB /* Build configuration list for PBXNativeTarget "CapgeminiTests" */ = {
			isa = XCConfigurationList;
			buildConfigurations = (
				433100D01E57344500269EEB /* Debug */,
				433100D11E57344500269EEB /* Release */,
			);
			defaultConfigurationIsVisible = 0;
			defaultConfigurationName = Release;
		};
		433100D21E57344500269EEB /* Build configuration list for PBXNativeTarget "CapgeminiUITests" */ = {
			isa = XCConfigurationList;
			buildConfigurations = (
				433100D31E57344500269EEB /* Debug */,
				433100D41E57344500269EEB /* Release */,
			);
			defaultConfigurationIsVisible = 0;
			defaultConfigurationName = Release;
		};
/* End XCConfigurationList section */
	};
	rootObject = 4331009C1E57344400269EEB /* Project object */;
}
